
Microsoft Visual Studio Solution File, Format Version 12.00
# Visual Studio Version 17
VisualStudioVersion = 17.4.32804.182
MinimumVisualStudioVersion = 10.0.40219.1
Project("{FAE04EC0-301F-11D3-BF4B-00C04F79EFBC}") = "ZazaScriptTemplate", "ZazaScriptTemplate.csproj", "{57F84B3E-60BD-4CBD-85DB-72015397C4E1}"
EndProject
Global
	GlobalSection(SolutionConfigurationPlatforms) = preSolution
		Debug|Any CPU = Debug|Any CPU
		Release|Any CPU = Release|Any CPU
	EndGlobalSection
	GlobalSection(ProjectConfigurationPlatforms) = postSolution
		{57F84B3E-60BD-4CBD-85DB-72015397C4E1}.Debug|Any CPU.ActiveCfg = Debug|Any CPU
		{57F84B3E-60BD-4CBD-85DB-72015397C4E1}.Debug|Any CPU.Build.0 = Debug|Any CPU
		{57F84B3E-60BD-4CBD-85DB-72015397C4E1}.Release|Any CPU.ActiveCfg = Release|Any CPU
		{57F84B3E-60BD-4CBD-85DB-72015397C4E1}.Release|Any CPU.Build.0 = Release|Any CPU
	EndGlobalSection
	GlobalSection(SolutionProperties) = preSolution
		HideSolutionNode = FALSE
	EndGlobalSection
	GlobalSection(ExtensibilityGlobals) = postSolution
		SolutionGuid = {16B42406-04B4-4F51-9BB6-60B26C825559}
	EndGlobalSection
EndGlobal
